// !$*UTF8*$!
{
	archiveVersion = 1;
	classes = {
	};
	objectVersion = 48;
	objects = {

/* Begin PBXBuildFile section */
		3F5B766220ABE22F00D5B4EE /* CategoryViewController.swift in Sources */ = {isa = PBXBuildFile; fileRef = 3F5B766120ABE22F00D5B4EE /* CategoryViewController.swift */; };
		3FCB86BC20A11AB00039C48A /* AppDelegate.swift in Sources */ = {isa = PBXBuildFile; fileRef = 3FCB86BB20A11AB00039C48A /* AppDelegate.swift */; };
		3FCB86BE20A11AB00039C48A /* TodoListViewController.swift in Sources */ = {isa = PBXBuildFile; fileRef = 3FCB86BD20A11AB00039C48A /* TodoListViewController.swift */; };
		3FCB86C120A11AB00039C48A /* Main.storyboard in Resources */ = {isa = PBXBuildFile; fileRef = 3FCB86BF20A11AB00039C48A /* Main.storyboard */; };
		3FCB86C320A11AB00039C48A /* Assets.xcassets in Resources */ = {isa = PBXBuildFile; fileRef = 3FCB86C220A11AB00039C48A /* Assets.xcassets */; };
		3FCB86C620A11AB00039C48A /* LaunchScreen.storyboard in Resources */ = {isa = PBXBuildFile; fileRef = 3FCB86C420A11AB00039C48A /* LaunchScreen.storyboard */; };
		3FEF1F7C20A59008007F9B53 /* DataModel.xcdatamodeld in Sources */ = {isa = PBXBuildFile; fileRef = 3FEF1F7A20A59008007F9B53 /* DataModel.xcdatamodeld */; };
		4D2747A2073C6E99049923B7 /* Pods_Todoey.framework in Frameworks */ = {isa = PBXBuildFile; fileRef = 39B82D823543A80F93641A25 /* Pods_Todoey.framework */; };
/* End PBXBuildFile section */

/* Begin PBXFileReference section */
		0A4F0C7E9D4CF5494193CBA2 /* Pods-Todoey.debug.xcconfig */ = {isa = PBXFileReference; includeInIndex = 1; lastKnownFileType = text.xcconfig; name = "Pods-Todoey.debug.xcconfig"; path = "Pods/Target Support Files/Pods-Todoey/Pods-Todoey.debug.xcconfig"; sourceTree = "<group>"; };
		39B82D823543A80F93641A25 /* Pods_Todoey.framework */ = {isa = PBXFileReference; explicitFileType = wrapper.framework; includeInIndex = 0; path = Pods_Todoey.framework; sourceTree = BUILT_PRODUCTS_DIR; };
		3F5B766120ABE22F00D5B4EE /* CategoryViewController.swift */ = {isa = PBXFileReference; lastKnownFileType = sourcecode.swift; path = CategoryViewController.swift; sourceTree = "<group>"; };
		3FCB86B820A11AB00039C48A /* Todoey.app */ = {isa = PBXFileReference; explicitFileType = wrapper.application; includeInIndex = 0; path = Todoey.app; sourceTree = BUILT_PRODUCTS_DIR; };
		3FCB86BB20A11AB00039C48A /* AppDelegate.swift */ = {isa = PBXFileReference; lastKnownFileType = sourcecode.swift; path = AppDelegate.swift; sourceTree = "<group>"; };
		3FCB86BD20A11AB00039C48A /* TodoListViewController.swift */ = {isa = PBXFileReference; lastKnownFileType = sourcecode.swift; path = TodoListViewController.swift; sourceTree = "<group>"; };
		3FCB86C020A11AB00039C48A /* Base */ = {isa = PBXFileReference; lastKnownFileType = file.storyboard; name = Base; path = Base.lproj/Main.storyboard; sourceTree = "<group>"; };
		3FCB86C220A11AB00039C48A /* Assets.xcassets */ = {isa = PBXFileReference; lastKnownFileType = folder.assetcatalog; path = Assets.xcassets; sourceTree = "<group>"; };
		3FCB86C520A11AB00039C48A /* Base */ = {isa = PBXFileReference; lastKnownFileType = file.storyboard; name = Base; path = Base.lproj/LaunchScreen.storyboard; sourceTree = "<group>"; };
		3FCB86C720A11AB00039C48A /* Info.plist */ = {isa = PBXFileReference; lastKnownFileType = text.plist.xml; path = Info.plist; sourceTree = "<group>"; };
		3FEF1F7B20A59008007F9B53 /* DataModel.xcdatamodel */ = {isa = PBXFileReference; lastKnownFileType = wrapper.xcdatamodel; path = DataModel.xcdatamodel; sourceTree = "<group>"; };
		FAA345E83AB11DA33AB75657 /* Pods-Todoey.release.xcconfig */ = {isa = PBXFileReference; includeInIndex = 1; lastKnownFileType = text.xcconfig; name = "Pods-Todoey.release.xcconfig"; path = "Pods/Target Support Files/Pods-Todoey/Pods-Todoey.release.xcconfig"; sourceTree = "<group>"; };
/* End PBXFileReference section */

/* Begin PBXFrameworksBuildPhase section */
		3FCB86B520A11AB00039C48A /* Frameworks */ = {
			isa = PBXFrameworksBuildPhase;
			buildActionMask = 2147483647;
			files = (
				4D2747A2073C6E99049923B7 /* Pods_Todoey.framework in Frameworks */,
			);
			runOnlyForDeploymentPostprocessing = 0;
		};
/* End PBXFrameworksBuildPhase section */

/* Begin PBXGroup section */
		3FCB86AF20A11AB00039C48A = {
			isa = PBXGroup;
			children = (
				3FCB86BA20A11AB00039C48A /* Todoey */,
				3FCB86B920A11AB00039C48A /* Products */,
				E0EEE5FB226F021F02715443 /* Pods */,
				F65A944A2526D9ABDF9E24F4 /* Frameworks */,
			);
			sourceTree = "<group>";
		};
		3FCB86B920A11AB00039C48A /* Products */ = {
			isa = PBXGroup;
			children = (
				3FCB86B820A11AB00039C48A /* Todoey.app */,
			);
			name = Products;
			sourceTree = "<group>";
		};
		3FCB86BA20A11AB00039C48A /* Todoey */ = {
			isa = PBXGroup;
			children = (
				3FCB86BB20A11AB00039C48A /* AppDelegate.swift */,
				3FEF1F5520A4733A007F9B53 /* View */,
				3FEF1F5720A47350007F9B53 /* View Controller */,
				3FEF1F5620A47344007F9B53 /* Model */,
				3FEF1F5820A4735D007F9B53 /* Support Files */,
				3FCB86C720A11AB00039C48A /* Info.plist */,
			);
			path = Todoey;
			sourceTree = "<group>";
		};
		3FEF1F5520A4733A007F9B53 /* View */ = {
			isa = PBXGroup;
			children = (
				3FCB86BF20A11AB00039C48A /* Main.storyboard */,
			);
			path = View;
			sourceTree = "<group>";
		};
		3FEF1F5620A47344007F9B53 /* Model */ = {
			isa = PBXGroup;
			children = (
				3FEF1F7A20A59008007F9B53 /* DataModel.xcdatamodeld */,
			);
			path = Model;
			sourceTree = "<group>";
		};
		3FEF1F5720A47350007F9B53 /* View Controller */ = {
			isa = PBXGroup;
			children = (
				3F5B766120ABE22F00D5B4EE /* CategoryViewController.swift */,
				3FCB86BD20A11AB00039C48A /* TodoListViewController.swift */,
			);
			path = "View Controller";
			sourceTree = "<group>";
		};
		3FEF1F5820A4735D007F9B53 /* Support Files */ = {
			isa = PBXGroup;
			children = (
				3FCB86C420A11AB00039C48A /* LaunchScreen.storyboard */,
				3FCB86C220A11AB00039C48A /* Assets.xcassets */,
			);
			path = "Support Files";
			sourceTree = "<group>";
		};
		E0EEE5FB226F021F02715443 /* Pods */ = {
			isa = PBXGroup;
			children = (
				0A4F0C7E9D4CF5494193CBA2 /* Pods-Todoey.debug.xcconfig */,
				FAA345E83AB11DA33AB75657 /* Pods-Todoey.release.xcconfig */,
			);
			name = Pods;
			sourceTree = "<group>";
		};
		F65A944A2526D9ABDF9E24F4 /* Frameworks */ = {
			isa = PBXGroup;
			children = (
				39B82D823543A80F93641A25 /* Pods_Todoey.framework */,
			);
			name = Frameworks;
			sourceTree = "<group>";
		};
/* End PBXGroup section */

/* Begin PBXNativeTarget section */
		3FCB86B720A11AB00039C48A /* Todoey */ = {
			isa = PBXNativeTarget;
			buildConfigurationList = 3FCB86CA20A11AB00039C48A /* Build configuration list for PBXNativeTarget "Todoey" */;
			buildPhases = (
				1A37FF7CA70A3C3C213A50FD /* [CP] Check Pods Manifest.lock */,
				3FCB86B420A11AB00039C48A /* Sources */,
				3FCB86B520A11AB00039C48A /* Frameworks */,
				3FCB86B620A11AB00039C48A /* Resources */,
				560D607A3A57EA919B81B03C /* [CP] Embed Pods Frameworks */,
				9CDEF0A0B8ACFF7F6BCC055B /* [CP] Copy Pods Resources */,
			);
			buildRules = (
			);
			dependencies = (
			);
			name = Todoey;
			productName = Todoey;
			productReference = 3FCB86B820A11AB00039C48A /* Todoey.app */;
			productType = "com.apple.product-type.application";
		};
/* End PBXNativeTarget section */

/* Begin PBXProject section */
		3FCB86B020A11AB00039C48A /* Project object */ = {
			isa = PBXProject;
			attributes = {
				LastSwiftUpdateCheck = 0920;
				LastUpgradeCheck = 0920;
				ORGANIZATIONNAME = "Mitsuharu Enatsu";
				TargetAttributes = {
					3FCB86B720A11AB00039C48A = {
						CreatedOnToolsVersion = 9.2;
						ProvisioningStyle = Automatic;
					};
				};
			};
			buildConfigurationList = 3FCB86B320A11AB00039C48A /* Build configuration list for PBXProject "Todoey" */;
			compatibilityVersion = "Xcode 8.0";
			developmentRegion = en;
			hasScannedForEncodings = 0;
			knownRegions = (
				en,
				Base,
			);
			mainGroup = 3FCB86AF20A11AB00039C48A;
			productRefGroup = 3FCB86B920A11AB00039C48A /* Products */;
			projectDirPath = "";
			projectRoot = "";
			targets = (
				3FCB86B720A11AB00039C48A /* Todoey */,
			);
		};
/* End PBXProject section */

/* Begin PBXResourcesBuildPhase section */
		3FCB86B620A11AB00039C48A /* Resources */ = {
			isa = PBXResourcesBuildPhase;
			buildActionMask = 2147483647;
			files = (
				3FCB86C620A11AB00039C48A /* LaunchScreen.storyboard in Resources */,
				3FCB86C320A11AB00039C48A /* Assets.xcassets in Resources */,
				3FCB86C120A11AB00039C48A /* Main.storyboard in Resources */,
			);
			runOnlyForDeploymentPostprocessing = 0;
		};
/* End PBXResourcesBuildPhase section */

/* Begin PBXShellScriptBuildPhase section */
		1A37FF7CA70A3C3C213A50FD /* [CP] Check Pods Manifest.lock */ = {
			isa = PBXShellScriptBuildPhase;
			buildActionMask = 2147483647;
			files = (
			);
			inputPaths = (
				"${PODS_PODFILE_DIR_PATH}/Podfile.lock",
				"${PODS_ROOT}/Manifest.lock",
			);
			name = "[CP] Check Pods Manifest.lock";
			outputPaths = (
				"$(DERIVED_FILE_DIR)/Pods-Todoey-checkManifestLockResult.txt",
			);
			runOnlyForDeploymentPostprocessing = 0;
			shellPath = /bin/sh;
			shellScript = "diff \"${PODS_PODFILE_DIR_PATH}/Podfile.lock\" \"${PODS_ROOT}/Manifest.lock\" > /dev/null\nif [ $? != 0 ] ; then\n    # print error to STDERR\n    echo \"error: The sandbox is not in sync with the Podfile.lock. Run 'pod install' or update your CocoaPods installation.\" >&2\n    exit 1\nfi\n# This output is used by Xcode 'outputs' to avoid re-running this script phase.\necho \"SUCCESS\" > \"${SCRIPT_OUTPUT_FILE_0}\"\n";
			showEnvVarsInLog = 0;
		};
		560D607A3A57EA919B81B03C /* [CP] Embed Pods Frameworks */ = {
			isa = PBXShellScriptBuildPhase;
			buildActionMask = 2147483647;
			files = (
			);
			inputPaths = (
				"${SRCROOT}/Pods/Target Support Files/Pods-Todoey/Pods-Todoey-frameworks.sh",
				"${BUILT_PRODUCTS_DIR}/Realm/Realm.framework",
				"${BUILT_PRODUCTS_DIR}/RealmSwift/RealmSwift.framework",
			);
			name = "[CP] Embed Pods Frameworks";
			outputPaths = (
				"${TARGET_BUILD_DIR}/${FRAMEWORKS_FOLDER_PATH}/Realm.framework",
				"${TARGET_BUILD_DIR}/${FRAMEWORKS_FOLDER_PATH}/RealmSwift.framework",
			);
			runOnlyForDeploymentPostprocessing = 0;
			shellPath = /bin/sh;
			shellScript = "\"${SRCROOT}/Pods/Target Support Files/Pods-Todoey/Pods-Todoey-frameworks.sh\"\n";
			showEnvVarsInLog = 0;
		};
		9CDEF0A0B8ACFF7F6BCC055B /* [CP] Copy Pods Resources */ = {
			isa = PBXShellScriptBuildPhase;
			buildActionMask = 2147483647;
			files = (
			);
			inputPaths = (
			);
			name = "[CP] Copy Pods Resources";
			outputPaths = (
			);
			runOnlyForDeploymentPostprocessing = 0;
			shellPath = /bin/sh;
			shellScript = "\"${SRCROOT}/Pods/Target Support Files/Pods-Todoey/Pods-Todoey-resources.sh\"\n";
			showEnvVarsInLog = 0;
		};
/* End PBXShellScriptBuildPhase section */

/* Begin PBXSourcesBuildPhase section */
		3FCB86B420A11AB00039C48A /* Sources */ = {
			isa = PBXSourcesBuildPhase;
			buildActionMask = 2147483647;
			files = (
				3F5B766220ABE22F00D5B4EE /* CategoryViewController.swift in Sources */,
				3FCB86BE20A11AB00039C48A /* TodoListViewController.swift in Sources */,
				3FEF1F7C20A59008007F9B53 /* DataModel.xcdatamodeld in Sources */,
				3FCB86BC20A11AB00039C48A /* AppDelegate.swift in Sources */,
			);
			runOnlyForDeploymentPostprocessing = 0;
		};
/* End PBXSourcesBuildPhase section */

/* Begin PBXVariantGroup section */
		3FCB86BF20A11AB00039C48A /* Main.storyboard */ = {
			isa = PBXVariantGroup;
			children = (
				3FCB86C020A11AB00039C48A /* Base */,
			);
			name = Main.storyboard;
			sourceTree = "<group>";
		};
		3FCB86C420A11AB00039C48A /* LaunchScreen.storyboard */ = {
			isa = PBXVariantGroup;
			children = (
				3FCB86C520A11AB00039C48A /* Base */,
			);
			name = LaunchScreen.storyboard;
			sourceTree = "<group>";
		};
/* End PBXVariantGroup section */

/* Begin XCBuildConfiguration section */
		3FCB86C820A11AB00039C48A /* Debug */ = {
			isa = XCBuildConfiguration;
			buildSettings = {
				ALWAYS_SEARCH_USER_PATHS = NO;
				CLANG_ANALYZER_NONNULL = YES;
				CLANG_ANALYZER_NUMBER_OBJECT_CONVERSION = YES_AGGRESSIVE;
				CLANG_CXX_LANGUAGE_STANDARD = "gnu++14";
				CLANG_CXX_LIBRARY = "libc++";
				CLANG_ENABLE_MODULES = YES;
				CLANG_ENABLE_OBJC_ARC = YES;
				CLANG_WARN_BLOCK_CAPTURE_AUTORELEASING = YES;
				CLANG_WARN_BOOL_CONVERSION = YES;
				CLANG_WARN_COMMA = YES;
				CLANG_WARN_CONSTANT_CONVERSION = YES;
				CLANG_WARN_DIRECT_OBJC_ISA_USAGE = YES_ERROR;
				CLANG_WARN_DOCUMENTATION_COMMENTS = YES;
				CLANG_WARN_EMPTY_BODY = YES;
				CLANG_WARN_ENUM_CONVERSION = YES;
				CLANG_WARN_INFINITE_RECURSION = YES;
				CLANG_WARN_INT_CONVERSION = YES;
				CLANG_WARN_NON_LITERAL_NULL_CONVERSION = YES;
				CLANG_WARN_OBJC_LITERAL_CONVERSION = YES;
				CLANG_WARN_OBJC_ROOT_CLASS = YES_ERROR;
				CLANG_WARN_RANGE_LOOP_ANALYSIS = YES;
				CLANG_WARN_STRICT_PROTOTYPES = YES;
				CLANG_WARN_SUSPICIOUS_MOVE = YES;
				CLANG_WARN_UNGUARDED_AVAILABILITY = YES_AGGRESSIVE;
				CLANG_WARN_UNREACHABLE_CODE = YES;
				CLANG_WARN__DUPLICATE_METHOD_MATCH = YES;
				CODE_SIGN_IDENTITY = "iPhone Developer";
				COPY_PHASE_STRIP = NO;
				DEBUG_INFORMATION_FORMAT = dwarf;
				ENABLE_STRICT_OBJC_MSGSEND = YES;
				ENABLE_TESTABILITY = YES;
				GCC_C_LANGUAGE_STANDARD = gnu11;
				GCC_DYNAMIC_NO_PIC = NO;
				GCC_NO_COMMON_BLOCKS = YES;
				GCC_OPTIMIZATION_LEVEL = 0;
				GCC_PREPROCESSOR_DEFINITIONS = (
					"DEBUG=1",
					"$(inherited)",
				);
				GCC_WARN_64_TO_32_BIT_CONVERSION = YES;
				GCC_WARN_ABOUT_RETURN_TYPE = YES_ERROR;
				GCC_WARN_UNDECLARED_SELECTOR = YES;
				GCC_WARN_UNINITIALIZED_AUTOS = YES_AGGRESSIVE;
				GCC_WARN_UNUSED_FUNCTION = YES;
				GCC_WARN_UNUSED_VARIABLE = YES;
				IPHONEOS_DEPLOYMENT_TARGET = 11.2;
				MTL_ENABLE_DEBUG_INFO = YES;
				ONLY_ACTIVE_ARCH = YES;
				SDKROOT = iphoneos;
				SWIFT_ACTIVE_COMPILATION_CONDITIONS = DEBUG;
				SWIFT_OPTIMIZATION_LEVEL = "-Onone";
			};
			name = Debug;
		};
		3FCB86C920A11AB00039C48A /* Release */ = {
			isa = XCBuildConfiguration;
			buildSettings = {
				ALWAYS_SEARCH_USER_PATHS = NO;
				CLANG_ANALYZER_NONNULL = YES;
				CLANG_ANALYZER_NUMBER_OBJECT_CONVERSION = YES_AGGRESSIVE;
				CLANG_CXX_LANGUAGE_STANDARD = "gnu++14";
				CLANG_CXX_LIBRARY = "libc++";
				CLANG_ENABLE_MODULES = YES;
				CLANG_ENABLE_OBJC_ARC = YES;
				CLANG_WARN_BLOCK_CAPTURE_AUTORELEASING = YES;
				CLANG_WARN_BOOL_CONVERSION = YES;
				CLANG_WARN_COMMA = YES;
				CLANG_WARN_CONSTANT_CONVERSION = YES;
				CLANG_WARN_DIRECT_OBJC_ISA_USAGE = YES_ERROR;
				CLANG_WARN_DOCUMENTATION_COMMENTS = YES;
				CLANG_WARN_EMPTY_BODY = YES;
				CLANG_WARN_ENUM_CONVERSION = YES;
				CLANG_WARN_INFINITE_RECURSION = YES;
				CLANG_WARN_INT_CONVERSION = YES;
				CLANG_WARN_NON_LITERAL_NULL_CONVERSION = YES;
				CLANG_WARN_OBJC_LITERAL_CONVERSION = YES;
				CLANG_WARN_OBJC_ROOT_CLASS = YES_ERROR;
				CLANG_WARN_RANGE_LOOP_ANALYSIS = YES;
				CLANG_WARN_STRICT_PROTOTYPES = YES;
				CLANG_WARN_SUSPICIOUS_MOVE = YES;
				CLANG_WARN_UNGUARDED_AVAILABILITY = YES_AGGRESSIVE;
				CLANG_WARN_UNREACHABLE_CODE = YES;
				CLANG_WARN__DUPLICATE_METHOD_MATCH = YES;
				CODE_SIGN_IDENTITY = "iPhone Developer";
				COPY_PHASE_STRIP = NO;
				DEBUG_INFORMATION_FORMAT = "dwarf-with-dsym";
				ENABLE_NS_ASSERTIONS = NO;
				ENABLE_STRICT_OBJC_MSGSEND = YES;
				GCC_C_LANGUAGE_STANDARD = gnu11;
				GCC_NO_COMMON_BLOCKS = YES;
				GCC_WARN_64_TO_32_BIT_CONVERSION = YES;
				GCC_WARN_ABOUT_RETURN_TYPE = YES_ERROR;
				GCC_WARN_UNDECLARED_SELECTOR = YES;
				GCC_WARN_UNINITIALIZED_AUTOS = YES_AGGRESSIVE;
				GCC_WARN_UNUSED_FUNCTION = YES;
				GCC_WARN_UNUSED_VARIABLE = YES;
				IPHONEOS_DEPLOYMENT_TARGET = 11.2;
				MTL_ENABLE_DEBUG_INFO = NO;
				SDKROOT = iphoneos;
				SWIFT_OPTIMIZATION_LEVEL = "-Owholemodule";
				VALIDATE_PRODUCT = YES;
			};
			name = Release;
		};
		3FCB86CB20A11AB00039C48A /* Debug */ = {
			isa = XCBuildConfiguration;
			baseConfigurationReference = 0A4F0C7E9D4CF5494193CBA2 /* Pods-Todoey.debug.xcconfig */;
			buildSettings = {
				ASSETCATALOG_COMPILER_APPICON_NAME = AppIcon;
				CODE_SIGN_STYLE = Automatic;
				DEVELOPMENT_TEAM = P8LY888UQN;
				INFOPLIST_FILE = Todoey/Info.plist;
				LD_RUNPATH_SEARCH_PATHS = "$(inherited) @executable_path/Frameworks";
				PRODUCT_BUNDLE_IDENTIFIER = "com.mitsuharu-enatsu.Todoey";
				PRODUCT_NAME = "$(TARGET_NAME)";
				SWIFT_VERSION = 4.0;
				TARGETED_DEVICE_FAMILY = "1,2";
			};
			name = Debug;
		};
		3FCB86CC20A11AB00039C48A /* Release */ = {
			isa = XCBuildConfiguration;
			baseConfigurationReference = FAA345E83AB11DA33AB75657 /* Pods-Todoey.release.xcconfig */;
			buildSettings = {
				ASSETCATALOG_COMPILER_APPICON_NAME = AppIcon;
				CODE_SIGN_STYLE = Automatic;
				DEVELOPMENT_TEAM = P8LY888UQN;
				INFOPLIST_FILE = Todoey/Info.plist;
				LD_RUNPATH_SEARCH_PATHS = "$(inherited) @executable_path/Frameworks";
				PRODUCT_BUNDLE_IDENTIFIER = "com.mitsuharu-enatsu.Todoey";
				PRODUCT_NAME = "$(TARGET_NAME)";
				SWIFT_VERSION = 4.0;
				TARGETED_DEVICE_FAMILY = "1,2";
			};
			name = Release;
		};
/* End XCBuildConfiguration section */

/* Begin XCConfigurationList section */
		3FCB86B320A11AB00039C48A /* Build configuration list for PBXProject "Todoey" */ = {
			isa = XCConfigurationList;
			buildConfigurations = (
				3FCB86C820A11AB00039C48A /* Debug */,
				3FCB86C920A11AB00039C48A /* Release */,
			);
			defaultConfigurationIsVisible = 0;
			defaultConfigurationName = Release;
		};
		3FCB86CA20A11AB00039C48A /* Build configuration list for PBXNativeTarget "Todoey" */ = {
			isa = XCConfigurationList;
			buildConfigurations = (
				3FCB86CB20A11AB00039C48A /* Debug */,
				3FCB86CC20A11AB00039C48A /* Release */,
			);
			defaultConfigurationIsVisible = 0;
			defaultConfigurationName = Release;
		};
/* End XCConfigurationList section */

/* Begin XCVersionGroup section */
		3FEF1F7A20A59008007F9B53 /* DataModel.xcdatamodeld */ = {
			isa = XCVersionGroup;
			children = (
				3FEF1F7B20A59008007F9B53 /* DataModel.xcdatamodel */,
			);
			currentVersion = 3FEF1F7B20A59008007F9B53 /* DataModel.xcdatamodel */;
			path = DataModel.xcdatamodeld;
			sourceTree = "<group>";
			versionGroupType = wrapper.xcdatamodel;
		};
/* End XCVersionGroup section */
	};
	rootObject = 3FCB86B020A11AB00039C48A /* Project object */;
}
